
Microsoft Visual Studio Solution File, Format Version 12.00
# Visual Studio Version 17
VisualStudioVersion = 17.8.34525.116
MinimumVisualStudioVersion = 10.0.40219.1
Project("{9A19103F-16F7-4668-BE54-9A1E7A4F7556}") = "InventoryManagerMAUI", "InventoryManagerMAUI.csproj", "{DC11A65B-0DC8-405B-B8DD-AC259CE9F729}"
EndProject
Global
	GlobalSection(SolutionConfigurationPlatforms) = preSolution
		Debug|Any CPU = Debug|Any CPU
		Release|Any CPU = Release|Any CPU
	EndGlobalSection
	GlobalSection(ProjectConfigurationPlatforms) = postSolution
		{DC11A65B-0DC8-405B-B8DD-AC259CE9F729}.Debug|Any CPU.ActiveCfg = Debug|Any CPU
		{DC11A65B-0DC8-405B-B8DD-AC259CE9F729}.Debug|Any CPU.Build.0 = Debug|Any CPU
		{DC11A65B-0DC8-405B-B8DD-AC259CE9F729}.Debug|Any CPU.Deploy.0 = Debug|Any CPU
		{DC11A65B-0DC8-405B-B8DD-AC259CE9F729}.Release|Any CPU.ActiveCfg = Release|Any CPU
		{DC11A65B-0DC8-405B-B8DD-AC259CE9F729}.Release|Any CPU.Build.0 = Release|Any CPU
		{DC11A65B-0DC8-405B-B8DD-AC259CE9F729}.Release|Any CPU.Deploy.0 = Release|Any CPU
	EndGlobalSection
	GlobalSection(SolutionProperties) = preSolution
		HideSolutionNode = FALSE
	EndGlobalSection
	GlobalSection(ExtensibilityGlobals) = postSolution
		SolutionGuid = {8057B290-BFC4-449C-8182-5FF9DAFB02E9}
	EndGlobalSection
EndGlobal
